Microsoft Visual Studio Solution File, Format Version 12.00
# Visual Studio 2012
Project("{FAE04EC0-301F-11D3-BF4B-00C04F79EFBC}") = "Rogue Tanks", "Rogue Tanks.csproj", "{898BFC88-6AF3-4B0B-9465-64C44ED58411}"
EndProject
Global
	GlobalSection(SolutionConfigurationPlatforms) = preSolution
	Debug|Any CPU = Debug|Any CPU
	ExportDebug|Any CPU = ExportDebug|Any CPU
	ExportRelease|Any CPU = ExportRelease|Any CPU
	EndGlobalSection
	GlobalSection(ProjectConfigurationPlatforms) = postSolution
		{898BFC88-6AF3-4B0B-9465-64C44ED58411}.Debug|Any CPU.ActiveCfg = Debug|Any CPU
		{898BFC88-6AF3-4B0B-9465-64C44ED58411}.Debug|Any CPU.Build.0 = Debug|Any CPU
		{898BFC88-6AF3-4B0B-9465-64C44ED58411}.ExportDebug|Any CPU.ActiveCfg = ExportDebug|Any CPU
		{898BFC88-6AF3-4B0B-9465-64C44ED58411}.ExportDebug|Any CPU.Build.0 = ExportDebug|Any CPU
		{898BFC88-6AF3-4B0B-9465-64C44ED58411}.ExportRelease|Any CPU.ActiveCfg = ExportRelease|Any CPU
		{898BFC88-6AF3-4B0B-9465-64C44ED58411}.ExportRelease|Any CPU.Build.0 = ExportRelease|Any CPU
	EndGlobalSection
EndGlobal
